
Microsoft Visual Studio Solution File, Format Version 12.00
# Visual Studio 15
VisualStudioVersion = 15.0.27130.2010
MinimumVisualStudioVersion = 10.0.40219.1
Project("{FAE04EC0-301F-11D3-BF4B-00C04F79EFBC}") = "MovvvieApp", "MovvvieApp\MovvvieApp.csproj", "{F3E42B6B-B17A-495E-8643-CEDD9AB947C8}"
EndProject
Global
	GlobalSection(SolutionConfigurationPlatforms) = preSolution
		Debug|Any CPU = Debug|Any CPU
		Release|Any CPU = Release|Any CPU
	EndGlobalSection
	GlobalSection(ProjectConfigurationPlatforms) = postSolution
		{F3E42B6B-B17A-495E-8643-CEDD9AB947C8}.Debug|Any CPU.ActiveCfg = Debug|Any CPU
		{F3E42B6B-B17A-495E-8643-CEDD9AB947C8}.Debug|Any CPU.Build.0 = Debug|Any CPU
		{F3E42B6B-B17A-495E-8643-CEDD9AB947C8}.Release|Any CPU.ActiveCfg = Release|Any CPU
		{F3E42B6B-B17A-495E-8643-CEDD9AB947C8}.Release|Any CPU.Build.0 = Release|Any CPU
	EndGlobalSection
	GlobalSection(SolutionProperties) = preSolution
		HideSolutionNode = FALSE
	EndGlobalSection
	GlobalSection(ExtensibilityGlobals) = postSolution
		SolutionGuid = {122BD0F7-85B3-4403-B6D1-A22E398108F0}
	EndGlobalSection
EndGlobal
